Microsoft Visual Studio Solution File, Format Version 12.00
# Visual Studio Version 17
VisualStudioVersion = 17.5.2.0
MinimumVisualStudioVersion = 10.0.40219.1
Project("{FAE04EC0-301F-11D3-BF4B-00C04F79EFBC}") = "PakManApiBackend", "PakManApiBackend.csproj", "{908ED09F-FA81-8189-A80B-D2A0813F0274}"
EndProject
Global
	GlobalSection(SolutionConfigurationPlatforms) = preSolution
		Debug|Any CPU = Debug|Any CPU
		Release|Any CPU = Release|Any CPU
	EndGlobalSection
	GlobalSection(ProjectConfigurationPlatforms) = postSolution
		{908ED09F-FA81-8189-A80B-D2A0813F0274}.Debug|Any CPU.ActiveCfg = Debug|Any CPU
		{908ED09F-FA81-8189-A80B-D2A0813F0274}.Debug|Any CPU.Build.0 = Debug|Any CPU
		{908ED09F-FA81-8189-A80B-D2A0813F0274}.Release|Any CPU.ActiveCfg = Release|Any CPU
		{908ED09F-FA81-8189-A80B-D2A0813F0274}.Release|Any CPU.Build.0 = Release|Any CPU
	EndGlobalSection
	GlobalSection(SolutionProperties) = preSolution
		HideSolutionNode = FALSE
	EndGlobalSection
	GlobalSection(ExtensibilityGlobals) = postSolution
		SolutionGuid = {F915446C-B597-4875-9EDC-788DFCCA8C33}
	EndGlobalSection
EndGlobal
